
Microsoft Visual Studio Solution File, Format Version 12.00
# Visual Studio 2012
Project("{FAE04EC0-301F-11D3-BF4B-00C04F79EFBC}") = "CrossCamera.Core", "CrossCamera.Core\CrossCamera.Core.csproj", "{8F17B120-44E7-4AEA-B443-48F69CC929A5}"
EndProject
Project("{FAE04EC0-301F-11D3-BF4B-00C04F79EFBC}") = "CrossCamera.Droid", "CrossCamera.Droid\CrossCamera.Droid.csproj", "{2F32B1AE-AB62-443F-BEAE-7DFF3FF0B2C5}"
EndProject
Project("{FAE04EC0-301F-11D3-BF4B-00C04F79EFBC}") = "CrossCamera.iOS", "CrossCamera.iOS\CrossCamera.iOS.csproj", "{0E909DF2-258D-4EAB-8180-BFE5F7690301}"
EndProject
Project("{FAE04EC0-301F-11D3-BF4B-00C04F79EFBC}") = "VideoConcept", "VideoConcept\VideoConcept.csproj", "{8EF43828-F5A8-48F8-9B40-0A096140EB26}"
EndProject
Project("{FAE04EC0-301F-11D3-BF4B-00C04F79EFBC}") = "VideoConcept.iOS", "iOS\VideoConcept.iOS.csproj", "{3152B627-52C3-4C1F-A347-DE0735D3EB8E}"
EndProject
Project("{FAE04EC0-301F-11D3-BF4B-00C04F79EFBC}") = "VideoConcept.Droid", "Droid\VideoConcept.Droid.csproj", "{9F46051A-2C4F-45A7-B207-FC3156640648}"
EndProject
Project("{2150E333-8FDC-42A3-9474-1A3956D46DE8}") = "CrossCamera", "CrossCamera", "{69FE7222-405A-4DC9-9CCE-BB3B0F6EA23E}"
EndProject
Project("{FAE04EC0-301F-11D3-BF4B-00C04F79EFBC}") = "VideoConcept.Core", "VideoConcept.Core\VideoConcept.Core.csproj", "{6137A802-D7D6-490F-8AA1-48957660C25F}"
EndProject
Project("{D954291E-2A0B-460D-934E-DC6B0785DB48}") = "VideoConcept.Shared", "VideoConcept.Shared\VideoConcept.Shared.shproj", "{1D183E88-96D5-4518-A322-BD3E4F961CEE}"
EndProject
Global
	GlobalSection(SolutionConfigurationPlatforms) = preSolution
		Debug|Any CPU = Debug|Any CPU
		Release|Any CPU = Release|Any CPU
		Debug|iPhoneSimulator = Debug|iPhoneSimulator
		Release|iPhone = Release|iPhone
		Release|iPhoneSimulator = Release|iPhoneSimulator
		Debug|iPhone = Debug|iPhone
	EndGlobalSection
	GlobalSection(ProjectConfigurationPlatforms) = postSolution
		{8F17B120-44E7-4AEA-B443-48F69CC929A5}.Debug|Any CPU.ActiveCfg = Debug|Any CPU
		{8F17B120-44E7-4AEA-B443-48F69CC929A5}.Debug|Any CPU.Build.0 = Debug|Any CPU
		{8F17B120-44E7-4AEA-B443-48F69CC929A5}.Release|Any CPU.ActiveCfg = Release|Any CPU
		{8F17B120-44E7-4AEA-B443-48F69CC929A5}.Release|Any CPU.Build.0 = Release|Any CPU
		{8F17B120-44E7-4AEA-B443-48F69CC929A5}.Debug|iPhoneSimulator.ActiveCfg = Debug|Any CPU
		{8F17B120-44E7-4AEA-B443-48F69CC929A5}.Debug|iPhoneSimulator.Build.0 = Debug|Any CPU
		{8F17B120-44E7-4AEA-B443-48F69CC929A5}.Release|iPhone.ActiveCfg = Release|Any CPU
		{8F17B120-44E7-4AEA-B443-48F69CC929A5}.Release|iPhone.Build.0 = Release|Any CPU
		{8F17B120-44E7-4AEA-B443-48F69CC929A5}.Release|iPhoneSimulator.ActiveCfg = Release|Any CPU
		{8F17B120-44E7-4AEA-B443-48F69CC929A5}.Release|iPhoneSimulator.Build.0 = Release|Any CPU
		{8F17B120-44E7-4AEA-B443-48F69CC929A5}.Debug|iPhone.ActiveCfg = Debug|Any CPU
		{8F17B120-44E7-4AEA-B443-48F69CC929A5}.Debug|iPhone.Build.0 = Debug|Any CPU
		{2F32B1AE-AB62-443F-BEAE-7DFF3FF0B2C5}.Debug|Any CPU.ActiveCfg = Debug|Any CPU
		{2F32B1AE-AB62-443F-BEAE-7DFF3FF0B2C5}.Debug|Any CPU.Build.0 = Debug|Any CPU
		{2F32B1AE-AB62-443F-BEAE-7DFF3FF0B2C5}.Release|Any CPU.ActiveCfg = Release|Any CPU
		{2F32B1AE-AB62-443F-BEAE-7DFF3FF0B2C5}.Release|Any CPU.Build.0 = Release|Any CPU
		{2F32B1AE-AB62-443F-BEAE-7DFF3FF0B2C5}.Debug|iPhoneSimulator.ActiveCfg = Debug|Any CPU
		{2F32B1AE-AB62-443F-BEAE-7DFF3FF0B2C5}.Debug|iPhoneSimulator.Build.0 = Debug|Any CPU
		{2F32B1AE-AB62-443F-BEAE-7DFF3FF0B2C5}.Release|iPhone.ActiveCfg = Release|Any CPU
		{2F32B1AE-AB62-443F-BEAE-7DFF3FF0B2C5}.Release|iPhone.Build.0 = Release|Any CPU
		{2F32B1AE-AB62-443F-BEAE-7DFF3FF0B2C5}.Release|iPhoneSimulator.ActiveCfg = Release|Any CPU
		{2F32B1AE-AB62-443F-BEAE-7DFF3FF0B2C5}.Release|iPhoneSimulator.Build.0 = Release|Any CPU
		{2F32B1AE-AB62-443F-BEAE-7DFF3FF0B2C5}.Debug|iPhone.ActiveCfg = Debug|Any CPU
		{2F32B1AE-AB62-443F-BEAE-7DFF3FF0B2C5}.Debug|iPhone.Build.0 = Debug|Any CPU
		{0E909DF2-258D-4EAB-8180-BFE5F7690301}.Debug|Any CPU.ActiveCfg = Debug|Any CPU
		{0E909DF2-258D-4EAB-8180-BFE5F7690301}.Debug|Any CPU.Build.0 = Debug|Any CPU
		{0E909DF2-258D-4EAB-8180-BFE5F7690301}.Release|Any CPU.ActiveCfg = Release|Any CPU
		{0E909DF2-258D-4EAB-8180-BFE5F7690301}.Release|Any CPU.Build.0 = Release|Any CPU
		{0E909DF2-258D-4EAB-8180-BFE5F7690301}.Debug|iPhoneSimulator.ActiveCfg = Debug|Any CPU
		{0E909DF2-258D-4EAB-8180-BFE5F7690301}.Debug|iPhoneSimulator.Build.0 = Debug|Any CPU
		{0E909DF2-258D-4EAB-8180-BFE5F7690301}.Release|iPhone.ActiveCfg = Release|Any CPU
		{0E909DF2-258D-4EAB-8180-BFE5F7690301}.Release|iPhone.Build.0 = Release|Any CPU
		{0E909DF2-258D-4EAB-8180-BFE5F7690301}.Release|iPhoneSimulator.ActiveCfg = Release|Any CPU
		{0E909DF2-258D-4EAB-8180-BFE5F7690301}.Release|iPhoneSimulator.Build.0 = Release|Any CPU
		{0E909DF2-258D-4EAB-8180-BFE5F7690301}.Debug|iPhone.ActiveCfg = Debug|Any CPU
		{0E909DF2-258D-4EAB-8180-BFE5F7690301}.Debug|iPhone.Build.0 = Debug|Any CPU
		{8EF43828-F5A8-48F8-9B40-0A096140EB26}.Debug|Any CPU.ActiveCfg = Debug|Any CPU
		{8EF43828-F5A8-48F8-9B40-0A096140EB26}.Debug|Any CPU.Build.0 = Debug|Any CPU
		{8EF43828-F5A8-48F8-9B40-0A096140EB26}.Release|Any CPU.ActiveCfg = Release|Any CPU
		{8EF43828-F5A8-48F8-9B40-0A096140EB26}.Release|Any CPU.Build.0 = Release|Any CPU
		{8EF43828-F5A8-48F8-9B40-0A096140EB26}.Debug|iPhoneSimulator.ActiveCfg = Debug|Any CPU
		{8EF43828-F5A8-48F8-9B40-0A096140EB26}.Debug|iPhoneSimulator.Build.0 = Debug|Any CPU
		{8EF43828-F5A8-48F8-9B40-0A096140EB26}.Release|iPhone.ActiveCfg = Release|Any CPU
		{8EF43828-F5A8-48F8-9B40-0A096140EB26}.Release|iPhone.Build.0 = Release|Any CPU
		{8EF43828-F5A8-48F8-9B40-0A096140EB26}.Release|iPhoneSimulator.ActiveCfg = Release|Any CPU
		{8EF43828-F5A8-48F8-9B40-0A096140EB26}.Release|iPhoneSimulator.Build.0 = Release|Any CPU
		{8EF43828-F5A8-48F8-9B40-0A096140EB26}.Debug|iPhone.ActiveCfg = Debug|Any CPU
		{8EF43828-F5A8-48F8-9B40-0A096140EB26}.Debug|iPhone.Build.0 = Debug|Any CPU
		{3152B627-52C3-4C1F-A347-DE0735D3EB8E}.Debug|Any CPU.ActiveCfg = Debug|iPhoneSimulator
		{3152B627-52C3-4C1F-A347-DE0735D3EB8E}.Debug|Any CPU.Build.0 = Debug|iPhoneSimulator
		{3152B627-52C3-4C1F-A347-DE0735D3EB8E}.Release|Any CPU.ActiveCfg = Release|iPhone
		{3152B627-52C3-4C1F-A347-DE0735D3EB8E}.Release|Any CPU.Build.0 = Release|iPhone
		{3152B627-52C3-4C1F-A347-DE0735D3EB8E}.Debug|iPhoneSimulator.ActiveCfg = Debug|iPhoneSimulator
		{3152B627-52C3-4C1F-A347-DE0735D3EB8E}.Debug|iPhoneSimulator.Build.0 = Debug|iPhoneSimulator
		{3152B627-52C3-4C1F-A347-DE0735D3EB8E}.Release|iPhone.ActiveCfg = Release|iPhone
		{3152B627-52C3-4C1F-A347-DE0735D3EB8E}.Release|iPhone.Build.0 = Release|iPhone
		{3152B627-52C3-4C1F-A347-DE0735D3EB8E}.Release|iPhoneSimulator.ActiveCfg = Release|iPhoneSimulator
		{3152B627-52C3-4C1F-A347-DE0735D3EB8E}.Release|iPhoneSimulator.Build.0 = Release|iPhoneSimulator
		{3152B627-52C3-4C1F-A347-DE0735D3EB8E}.Debug|iPhone.ActiveCfg = Debug|iPhone
		{3152B627-52C3-4C1F-A347-DE0735D3EB8E}.Debug|iPhone.Build.0 = Debug|iPhone
		{9F46051A-2C4F-45A7-B207-FC3156640648}.Debug|Any CPU.ActiveCfg = Debug|Any CPU
		{9F46051A-2C4F-45A7-B207-FC3156640648}.Debug|Any CPU.Build.0 = Debug|Any CPU
		{9F46051A-2C4F-45A7-B207-FC3156640648}.Release|Any CPU.ActiveCfg = Release|Any CPU
		{9F46051A-2C4F-45A7-B207-FC3156640648}.Release|Any CPU.Build.0 = Release|Any CPU
		{9F46051A-2C4F-45A7-B207-FC3156640648}.Debug|iPhoneSimulator.ActiveCfg = Debug|Any CPU
		{9F46051A-2C4F-45A7-B207-FC3156640648}.Debug|iPhoneSimulator.Build.0 = Debug|Any CPU
		{9F46051A-2C4F-45A7-B207-FC3156640648}.Release|iPhone.ActiveCfg = Release|Any CPU
		{9F46051A-2C4F-45A7-B207-FC3156640648}.Release|iPhone.Build.0 = Release|Any CPU
		{9F46051A-2C4F-45A7-B207-FC3156640648}.Release|iPhoneSimulator.ActiveCfg = Release|Any CPU
		{9F46051A-2C4F-45A7-B207-FC3156640648}.Release|iPhoneSimulator.Build.0 = Release|Any CPU
		{9F46051A-2C4F-45A7-B207-FC3156640648}.Debug|iPhone.ActiveCfg = Debug|Any CPU
		{9F46051A-2C4F-45A7-B207-FC3156640648}.Debug|iPhone.Build.0 = Debug|Any CPU
		{6137A802-D7D6-490F-8AA1-48957660C25F}.Debug|Any CPU.ActiveCfg = Debug|Any CPU
		{6137A802-D7D6-490F-8AA1-48957660C25F}.Debug|Any CPU.Build.0 = Debug|Any CPU
		{6137A802-D7D6-490F-8AA1-48957660C25F}.Release|Any CPU.ActiveCfg = Release|Any CPU
		{6137A802-D7D6-490F-8AA1-48957660C25F}.Release|Any CPU.Build.0 = Release|Any CPU
		{6137A802-D7D6-490F-8AA1-48957660C25F}.Debug|iPhoneSimulator.ActiveCfg = Debug|Any CPU
		{6137A802-D7D6-490F-8AA1-48957660C25F}.Debug|iPhoneSimulator.Build.0 = Debug|Any CPU
		{6137A802-D7D6-490F-8AA1-48957660C25F}.Release|iPhone.ActiveCfg = Release|Any CPU
		{6137A802-D7D6-490F-8AA1-48957660C25F}.Release|iPhone.Build.0 = Release|Any CPU
		{6137A802-D7D6-490F-8AA1-48957660C25F}.Release|iPhoneSimulator.ActiveCfg = Release|Any CPU
		{6137A802-D7D6-490F-8AA1-48957660C25F}.Release|iPhoneSimulator.Build.0 = Release|Any CPU
		{6137A802-D7D6-490F-8AA1-48957660C25F}.Debug|iPhone.ActiveCfg = Debug|Any CPU
		{6137A802-D7D6-490F-8AA1-48957660C25F}.Debug|iPhone.Build.0 = Debug|Any CPU
	EndGlobalSection
	GlobalSection(NestedProjects) = preSolution
		{8F17B120-44E7-4AEA-B443-48F69CC929A5} = {69FE7222-405A-4DC9-9CCE-BB3B0F6EA23E}
		{2F32B1AE-AB62-443F-BEAE-7DFF3FF0B2C5} = {69FE7222-405A-4DC9-9CCE-BB3B0F6EA23E}
		{0E909DF2-258D-4EAB-8180-BFE5F7690301} = {69FE7222-405A-4DC9-9CCE-BB3B0F6EA23E}
	EndGlobalSection
EndGlobal
