
Microsoft Visual Studio Solution File, Format Version 12.00
# Visual Studio 2012
Project("{FAE04EC0-301F-11D3-BF4B-00C04F79EFBC}") = "CrossCamera.Core", "CrossCamera.Core\CrossCamera.Core.csproj", "{8F17B120-44E7-4AEA-B443-48F69CC929A5}"
EndProject
Project("{FAE04EC0-301F-11D3-BF4B-00C04F79EFBC}") = "CrossCamera.Droid", "CrossCamera.Droid\CrossCamera.Droid.csproj", "{2F32B1AE-AB62-443F-BEAE-7DFF3FF0B2C5}"
EndProject
Project("{FAE04EC0-301F-11D3-BF4B-00C04F79EFBC}") = "CrossCamera.iOS", "CrossCamera.iOS\CrossCamera.iOS.csproj", "{0E909DF2-258D-4EAB-8180-BFE5F7690301}"
EndProject
Global
	GlobalSection(SolutionConfigurationPlatforms) = preSolution
		Debug|Any CPU = Debug|Any CPU
		Release|Any CPU = Release|Any CPU
		Debug|iPhoneSimulator = Debug|iPhoneSimulator
		Release|iPhone = Release|iPhone
		Release|iPhoneSimulator = Release|iPhoneSimulator
		Debug|iPhone = Debug|iPhone
	EndGlobalSection
	GlobalSection(ProjectConfigurationPlatforms) = postSolution
		{8F17B120-44E7-4AEA-B443-48F69CC929A5}.Debug|Any CPU.ActiveCfg = Debug|Any CPU
		{8F17B120-44E7-4AEA-B443-48F69CC929A5}.Debug|Any CPU.Build.0 = Debug|Any CPU
		{8F17B120-44E7-4AEA-B443-48F69CC929A5}.Release|Any CPU.ActiveCfg = Release|Any CPU
		{8F17B120-44E7-4AEA-B443-48F69CC929A5}.Release|Any CPU.Build.0 = Release|Any CPU
		{8F17B120-44E7-4AEA-B443-48F69CC929A5}.Debug|iPhoneSimulator.ActiveCfg = Debug|Any CPU
		{8F17B120-44E7-4AEA-B443-48F69CC929A5}.Debug|iPhoneSimulator.Build.0 = Debug|Any CPU
		{8F17B120-44E7-4AEA-B443-48F69CC929A5}.Release|iPhone.ActiveCfg = Release|Any CPU
		{8F17B120-44E7-4AEA-B443-48F69CC929A5}.Release|iPhone.Build.0 = Release|Any CPU
		{8F17B120-44E7-4AEA-B443-48F69CC929A5}.Release|iPhoneSimulator.ActiveCfg = Release|Any CPU
		{8F17B120-44E7-4AEA-B443-48F69CC929A5}.Release|iPhoneSimulator.Build.0 = Release|Any CPU
		{8F17B120-44E7-4AEA-B443-48F69CC929A5}.Debug|iPhone.ActiveCfg = Debug|Any CPU
		{8F17B120-44E7-4AEA-B443-48F69CC929A5}.Debug|iPhone.Build.0 = Debug|Any CPU
		{2F32B1AE-AB62-443F-BEAE-7DFF3FF0B2C5}.Debug|Any CPU.ActiveCfg = Debug|Any CPU
		{2F32B1AE-AB62-443F-BEAE-7DFF3FF0B2C5}.Debug|Any CPU.Build.0 = Debug|Any CPU
		{2F32B1AE-AB62-443F-BEAE-7DFF3FF0B2C5}.Release|Any CPU.ActiveCfg = Release|Any CPU
		{2F32B1AE-AB62-443F-BEAE-7DFF3FF0B2C5}.Release|Any CPU.Build.0 = Release|Any CPU
		{2F32B1AE-AB62-443F-BEAE-7DFF3FF0B2C5}.Debug|iPhoneSimulator.ActiveCfg = Debug|Any CPU
		{2F32B1AE-AB62-443F-BEAE-7DFF3FF0B2C5}.Debug|iPhoneSimulator.Build.0 = Debug|Any CPU
		{2F32B1AE-AB62-443F-BEAE-7DFF3FF0B2C5}.Release|iPhone.ActiveCfg = Release|Any CPU
		{2F32B1AE-AB62-443F-BEAE-7DFF3FF0B2C5}.Release|iPhone.Build.0 = Release|Any CPU
		{2F32B1AE-AB62-443F-BEAE-7DFF3FF0B2C5}.Release|iPhoneSimulator.ActiveCfg = Release|Any CPU
		{2F32B1AE-AB62-443F-BEAE-7DFF3FF0B2C5}.Release|iPhoneSimulator.Build.0 = Release|Any CPU
		{2F32B1AE-AB62-443F-BEAE-7DFF3FF0B2C5}.Debug|iPhone.ActiveCfg = Debug|Any CPU
		{2F32B1AE-AB62-443F-BEAE-7DFF3FF0B2C5}.Debug|iPhone.Build.0 = Debug|Any CPU
		{0E909DF2-258D-4EAB-8180-BFE5F7690301}.Debug|Any CPU.ActiveCfg = Debug|Any CPU
		{0E909DF2-258D-4EAB-8180-BFE5F7690301}.Debug|Any CPU.Build.0 = Debug|Any CPU
		{0E909DF2-258D-4EAB-8180-BFE5F7690301}.Release|Any CPU.ActiveCfg = Release|Any CPU
		{0E909DF2-258D-4EAB-8180-BFE5F7690301}.Release|Any CPU.Build.0 = Release|Any CPU
		{0E909DF2-258D-4EAB-8180-BFE5F7690301}.Debug|iPhoneSimulator.ActiveCfg = Debug|Any CPU
		{0E909DF2-258D-4EAB-8180-BFE5F7690301}.Debug|iPhoneSimulator.Build.0 = Debug|Any CPU
		{0E909DF2-258D-4EAB-8180-BFE5F7690301}.Release|iPhone.ActiveCfg = Release|Any CPU
		{0E909DF2-258D-4EAB-8180-BFE5F7690301}.Release|iPhone.Build.0 = Release|Any CPU
		{0E909DF2-258D-4EAB-8180-BFE5F7690301}.Release|iPhoneSimulator.ActiveCfg = Release|Any CPU
		{0E909DF2-258D-4EAB-8180-BFE5F7690301}.Release|iPhoneSimulator.Build.0 = Release|Any CPU
		{0E909DF2-258D-4EAB-8180-BFE5F7690301}.Debug|iPhone.ActiveCfg = Debug|Any CPU
		{0E909DF2-258D-4EAB-8180-BFE5F7690301}.Debug|iPhone.Build.0 = Debug|Any CPU
	EndGlobalSection
EndGlobal
